# @generated - this file is auto-generated by `mise lock` https://mise.en.dev/dev-tools/mise-lock.html

[[tools.editorconfig-checker]]
version = "3.6.1"
backend = "aqua:editorconfig-checker/editorconfig-checker"

[tools.editorconfig-checker."platforms.linux-arm64"]
checksum = "sha256:a471181b0741982afa4f3dbc1e433b6caa0c5e6daad580572841884fd9957220"
url = "https://github.com/editorconfig-checker/editorconfig-checker/releases/download/v3.6.1/ec-linux-arm64.tar.gz"

[tools.editorconfig-checker."platforms.linux-arm64-musl"]
checksum = "sha256:a471181b0741982afa4f3dbc1e433b6caa0c5e6daad580572841884fd9957220"
url = "https://github.com/editorconfig-checker/editorconfig-checker/releases/download/v3.6.1/ec-linux-arm64.tar.gz"

[tools.editorconfig-checker."platforms.linux-x64"]
checksum = "sha256:cd32084fce5f3d49ba49697f362ac3a114989715c98819303247dd54c1f368b0"
url = "https://github.com/editorconfig-checker/editorconfig-checker/releases/download/v3.6.1/ec-linux-amd64.tar.gz"

[tools.editorconfig-checker."platforms.linux-x64-musl"]
checksum = "sha256:cd32084fce5f3d49ba49697f362ac3a114989715c98819303247dd54c1f368b0"
url = "https://github.com/editorconfig-checker/editorconfig-checker/releases/download/v3.6.1/ec-linux-amd64.tar.gz"

[tools.editorconfig-checker."platforms.macos-arm64"]
checksum = "sha256:64f6006e4ae880ef140ac175f30b5b4cab72fa92b3708d9104006441fb7ed723"
url = "https://github.com/editorconfig-checker/editorconfig-checker/releases/download/v3.6.1/ec-darwin-arm64.tar.gz"

[tools.editorconfig-checker."platforms.macos-x64"]
checksum = "sha256:6d7882e2f8a0884953f6bb8782b482ce8a6dd4ab2f25086a57046ef937f7625d"
url = "https://github.com/editorconfig-checker/editorconfig-checker/releases/download/v3.6.1/ec-darwin-amd64.tar.gz"

[tools.editorconfig-checker."platforms.windows-x64"]
checksum = "sha256:cdd3899ebd60277b10e188c78915ea098a10a1a441a04e3ed2a5a99eb968a838"
url = "https://github.com/editorconfig-checker/editorconfig-checker/releases/download/v3.6.1/ec-windows-amd64.zip"

[[tools."github:convco/convco"]]
version = "0.6.2"
backend = "github:convco/convco"

[tools."github:convco/convco"."platforms.macos-arm64"]
checksum = "blake3:eaded742c30e6454d49a4f3bf9fd6de6bd2d9a6c1c63627a52c856f3f5c6bc2c"
url = "https://github.com/convco/convco/releases/download/v0.6.2/convco-macos.zip"
url_api = "https://api.github.com/repos/convco/convco/releases/assets/225629981"

[[tools.lefthook]]
version = "2.0.15"
backend = "aqua:evilmartians/lefthook"

[[tools.lychee]]
version = "0.24.1"
backend = "aqua:lycheeverse/lychee"

[tools.lychee."platforms.linux-arm64"]
checksum = "sha256:b93d5b1744ec443574bcd6d55f2268da9f4628a1990213019b2b2289cf894907"
url = "https://github.com/lycheeverse/lychee/releases/download/lychee-v0.24.1/lychee-aarch64-unknown-linux-musl.tar.gz"

[tools.lychee."platforms.linux-arm64-musl"]
checksum = "sha256:b93d5b1744ec443574bcd6d55f2268da9f4628a1990213019b2b2289cf894907"
url = "https://github.com/lycheeverse/lychee/releases/download/lychee-v0.24.1/lychee-aarch64-unknown-linux-musl.tar.gz"

[tools.lychee."platforms.linux-x64"]
checksum = "sha256:5f5e8301bcc3edc0fd5470f1c22fb039a6cc487bf5b788af5e30b6dfbcc5b388"
url = "https://github.com/lycheeverse/lychee/releases/download/lychee-v0.24.1/lychee-x86_64-unknown-linux-musl.tar.gz"

[tools.lychee."platforms.linux-x64-musl"]
checksum = "sha256:5f5e8301bcc3edc0fd5470f1c22fb039a6cc487bf5b788af5e30b6dfbcc5b388"
url = "https://github.com/lycheeverse/lychee/releases/download/lychee-v0.24.1/lychee-x86_64-unknown-linux-musl.tar.gz"

[tools.lychee."platforms.macos-arm64"]
checksum = "sha256:7485ac758fcaf9f8bd660a2d585a1baba9c2a0d48055fd3259e9284ed659a815"
url = "https://github.com/lycheeverse/lychee/releases/download/lychee-v0.24.1/lychee-aarch64-apple-darwin.tar.gz"

[tools.lychee."platforms.macos-x64"]
checksum = "sha256:59ef444bfbf9f54ca7d045937b15c609e856848b9e39cddb4267fa2ab5cf793d"
url = "https://github.com/lycheeverse/lychee/releases/download/lychee-v0.24.1/lychee-x86_64-apple-darwin.tar.gz"

[tools.lychee."platforms.windows-x64"]
checksum = "sha256:34a12a7da946e4db1babe8cb3f7549e036129d524b36f2baf3068acdef66d0c3"
url = "https://github.com/lycheeverse/lychee/releases/download/lychee-v0.24.1/lychee-x86_64-pc-windows-msvc.zip"
